
Microsoft Visual Studio Solution File, Format Version 12.00
# Visual Studio Version 17
VisualStudioVersion = 17.7.34009.444
MinimumVisualStudioVersion = 10.0.40219.1
Project("{FAE04EC0-301F-11D3-BF4B-00C04F79EFBC}") = "Academic.Shared", "Academic.Shared\Academic.Shared.csproj", "{FC58E6CD-E84E-4734-9C2A-36E56468881C}"
EndProject
Project("{FAE04EC0-301F-11D3-BF4B-00C04F79EFBC}") = "Academic.API", "Academic.API\Academic.API.csproj", "{D0DD10DA-EBF7-40B4-AC9D-DB67053E84B8}"
EndProject
Project("{FAE04EC0-301F-11D3-BF4B-00C04F79EFBC}") = "Academic.WEB", "Academic.WEB\Academic.WEB.csproj", "{C789652F-7438-45E6-96AB-6424629489F1}"
EndProject
Global
	GlobalSection(SolutionConfigurationPlatforms) = preSolution
		Debug|Any CPU = Debug|Any CPU
		Release|Any CPU = Release|Any CPU
	EndGlobalSection
	GlobalSection(ProjectConfigurationPlatforms) = postSolution
		{FC58E6CD-E84E-4734-9C2A-36E56468881C}.Debug|Any CPU.ActiveCfg = Debug|Any CPU
		{FC58E6CD-E84E-4734-9C2A-36E56468881C}.Debug|Any CPU.Build.0 = Debug|Any CPU
		{FC58E6CD-E84E-4734-9C2A-36E56468881C}.Release|Any CPU.ActiveCfg = Release|Any CPU
		{FC58E6CD-E84E-4734-9C2A-36E56468881C}.Release|Any CPU.Build.0 = Release|Any CPU
		{D0DD10DA-EBF7-40B4-AC9D-DB67053E84B8}.Debug|Any CPU.ActiveCfg = Debug|Any CPU
		{D0DD10DA-EBF7-40B4-AC9D-DB67053E84B8}.Debug|Any CPU.Build.0 = Debug|Any CPU
		{D0DD10DA-EBF7-40B4-AC9D-DB67053E84B8}.Release|Any CPU.ActiveCfg = Release|Any CPU
		{D0DD10DA-EBF7-40B4-AC9D-DB67053E84B8}.Release|Any CPU.Build.0 = Release|Any CPU
		{C789652F-7438-45E6-96AB-6424629489F1}.Debug|Any CPU.ActiveCfg = Debug|Any CPU
		{C789652F-7438-45E6-96AB-6424629489F1}.Debug|Any CPU.Build.0 = Debug|Any CPU
		{C789652F-7438-45E6-96AB-6424629489F1}.Release|Any CPU.ActiveCfg = Release|Any CPU
		{C789652F-7438-45E6-96AB-6424629489F1}.Release|Any CPU.Build.0 = Release|Any CPU
	EndGlobalSection
	GlobalSection(SolutionProperties) = preSolution
		HideSolutionNode = FALSE
	EndGlobalSection
	GlobalSection(ExtensibilityGlobals) = postSolution
		SolutionGuid = {749DB767-E289-467E-BF71-AD1E4B5CE1E3}
	EndGlobalSection
EndGlobal
